
Microsoft Visual Studio Solution File, Format Version 12.00
# Visual Studio 2017
Project("{FAE04EC0-301F-11D3-BF4B-00C04F79EFBC}") = "idKnowU", "idKnowU.csproj", "{695FC1D4-7C64-C464-0D59-F69D63D7F32E}"
EndProject
Project("{FAE04EC0-301F-11D3-BF4B-00C04F79EFBC}") = "idKnowU.Editor", "idKnowU.Editor.csproj", "{F7455F2D-BF67-D33E-21BD-7FAF7E1CBD4B}"
EndProject
Global
	GlobalSection(SolutionConfigurationPlatforms) = preSolution
		Debug|Any CPU = Debug|Any CPU
		Release|Any CPU = Release|Any CPU
	EndGlobalSection
	GlobalSection(ProjectConfigurationPlatforms) = postSolution
		{695FC1D4-7C64-C464-0D59-F69D63D7F32E}.Debug|Any CPU.ActiveCfg = Debug|Any CPU
		{695FC1D4-7C64-C464-0D59-F69D63D7F32E}.Debug|Any CPU.Build.0 = Debug|Any CPU
		{695FC1D4-7C64-C464-0D59-F69D63D7F32E}.Release|Any CPU.ActiveCfg = Release|Any CPU
		{695FC1D4-7C64-C464-0D59-F69D63D7F32E}.Release|Any CPU.Build.0 = Release|Any CPU
		{F7455F2D-BF67-D33E-21BD-7FAF7E1CBD4B}.Debug|Any CPU.ActiveCfg = Debug|Any CPU
		{F7455F2D-BF67-D33E-21BD-7FAF7E1CBD4B}.Debug|Any CPU.Build.0 = Debug|Any CPU
		{F7455F2D-BF67-D33E-21BD-7FAF7E1CBD4B}.Release|Any CPU.ActiveCfg = Release|Any CPU
		{F7455F2D-BF67-D33E-21BD-7FAF7E1CBD4B}.Release|Any CPU.Build.0 = Release|Any CPU
	EndGlobalSection
	GlobalSection(SolutionProperties) = preSolution
		HideSolutionNode = FALSE
	EndGlobalSection
EndGlobal
